{
    "name": "hello-world-node",
    "version": "1.0.0",
    "lockfileVersion": 3,
    "requires": true,
    "packages": {
        "": {
            "name": "hello-world-node",
            "version": "1.0.0",
            "license": "ISC",
            "dependencies": {
                "hello-world-node": "file:"
            }
        },
        "node_modules/hello-world-node": {
            "resolved": "",
            "link": true
        }
    }
}
